{
  "name": "i2c-vl53l0x-example",
  "version": "1.0.0",
  "lockfileVersion": 1,
  "requires": true,
  "dependencies": {
    "@chirimen-raspi/polyfill": {
      "version": "1.0.6",
      "resolved": "https://registry.npmjs.org/@chirimen-raspi/polyfill/-/polyfill-1.0.6.tgz",
      "integrity": "sha512-h9UF/aEU86sLyaF1ULxlngebl7GSQtz8w/wgFjl/ul01j+2DvHR5zKKxy2MtNNfKGQsXTR25ZiMFziKrKnHlVw=="
    },
    "@chirimen/vl53l0x": {
      "version": "1.0.7",
      "resolved": "https://registry.npmjs.org/@chirimen/vl53l0x/-/vl53l0x-1.0.7.tgz",
      "integrity": "sha512-26A8mHwOADhbESwmabksxFGmnFXaglojDosTq9upyrPZv7SwqQ59gkFuO2wXxeSlgKajs9og8JuL3utyz2iOLA=="
    }
  }
}
