{
  "name": "i2c-bmp280-example",
  "version": "1.0.0",
  "lockfileVersion": 1,
  "requires": true,
  "dependencies": {
    "@chirimen-raspi/polyfill": {
      "version": "1.0.6",
      "resolved": "https://registry.npmjs.org/@chirimen-raspi/polyfill/-/polyfill-1.0.6.tgz",
      "integrity": "sha512-h9UF/aEU86sLyaF1ULxlngebl7GSQtz8w/wgFjl/ul01j+2DvHR5zKKxy2MtNNfKGQsXTR25ZiMFziKrKnHlVw=="
    },
    "@chirimen/bmp280": {
      "version": "1.0.3",
      "resolved": "https://registry.npmjs.org/@chirimen/bmp280/-/bmp280-1.0.3.tgz",
      "integrity": "sha512-oUMmez0pzmU6MQKOMB7cyF2KnOnKil0gDIt3IcjoY+sIHoS50W0PnPlNwhK1w+JuNRWlQ7xPQoKYbUx4Bc0RRQ=="
    }
  }
}
