{
  "name": "i2c-tcs34725-example",
  "version": "1.0.0",
  "lockfileVersion": 1,
  "requires": true,
  "dependencies": {
    "@chirimen-raspi/polyfill": {
      "version": "1.0.6",
      "resolved": "https://registry.npmjs.org/@chirimen-raspi/polyfill/-/polyfill-1.0.6.tgz",
      "integrity": "sha512-h9UF/aEU86sLyaF1ULxlngebl7GSQtz8w/wgFjl/ul01j+2DvHR5zKKxy2MtNNfKGQsXTR25ZiMFziKrKnHlVw=="
    },
    "@chirimen/tcs34725": {
      "version": "1.0.3",
      "resolved": "https://registry.npmjs.org/@chirimen/tcs34725/-/tcs34725-1.0.3.tgz",
      "integrity": "sha512-CUufHThMjyMMbajVx8m+SB8C9lMYO6LNUQK624vXuMNghraTL/tvis589uOczoCfekVEBjlCtF2QVJL0uBhoYA=="
    }
  }
}
