{
  "name": "i2c-sht30-example",
  "version": "1.0.0",
  "lockfileVersion": 1,
  "requires": true,
  "dependencies": {
    "@chirimen-raspi/polyfill": {
      "version": "1.0.6",
      "resolved": "https://registry.npmjs.org/@chirimen-raspi/polyfill/-/polyfill-1.0.6.tgz",
      "integrity": "sha512-h9UF/aEU86sLyaF1ULxlngebl7GSQtz8w/wgFjl/ul01j+2DvHR5zKKxy2MtNNfKGQsXTR25ZiMFziKrKnHlVw=="
    },
    "@chirimen/sht30": {
      "version": "1.0.3",
      "resolved": "https://registry.npmjs.org/@chirimen/sht30/-/sht30-1.0.3.tgz",
      "integrity": "sha512-S6LUFYjSdIPSaK8RukEYD+UKS4yKpiFfMbUK9m9Phbsa704SQAvo+bUtbPqJko+XZX8lADXr12BdEW8QrLl+Qw=="
    }
  }
}
