{
  "name": "i2c-vl53l1x-example",
  "version": "1.0.0",
  "lockfileVersion": 1,
  "requires": true,
  "dependencies": {
    "@chirimen-raspi/polyfill": {
      "version": "1.0.6",
      "resolved": "https://registry.npmjs.org/@chirimen-raspi/polyfill/-/polyfill-1.0.6.tgz",
      "integrity": "sha512-h9UF/aEU86sLyaF1ULxlngebl7GSQtz8w/wgFjl/ul01j+2DvHR5zKKxy2MtNNfKGQsXTR25ZiMFziKrKnHlVw=="
    },
    "@chirimen/vl53l1x": {
      "version": "1.0.3",
      "resolved": "https://registry.npmjs.org/@chirimen/vl53l1x/-/vl53l1x-1.0.3.tgz",
      "integrity": "sha512-8+zoc7ZKr9dsY9dMWqbjmTwml6Li37FR9whIkj1MAnxlddm4/lwJSmcTLD+V6OKxPUN0876exWWsBmAZ+9Np/g=="
    }
  }
}
