{
  "name": "i2c-multi-sensors-example",
  "version": "1.0.0",
  "lockfileVersion": 1,
  "requires": true,
  "dependencies": {
    "@chirimen-raspi/polyfill": {
      "version": "1.0.6",
      "resolved": "https://registry.npmjs.org/@chirimen-raspi/polyfill/-/polyfill-1.0.6.tgz",
      "integrity": "sha512-h9UF/aEU86sLyaF1ULxlngebl7GSQtz8w/wgFjl/ul01j+2DvHR5zKKxy2MtNNfKGQsXTR25ZiMFziKrKnHlVw=="
    },
    "@chirimen/adt7410": {
      "version": "1.0.7",
      "resolved": "https://registry.npmjs.org/@chirimen/adt7410/-/adt7410-1.0.7.tgz",
      "integrity": "sha512-WWQYZM4jJgEaF8WQys7GszuQdytRF416Zg9kIwdM73sFHSa12Ficu7KyxuX0ME445bObnHFOoJqi7FuUPm0F0Q=="
    },
    "@chirimen/grove-light": {
      "version": "1.0.4",
      "resolved": "https://registry.npmjs.org/@chirimen/grove-light/-/grove-light-1.0.4.tgz",
      "integrity": "sha512-dEOBU15D0W7Wws/8+v3YD8BhitCqX3g4z/dycPuk2ykYzvruzL1CPSwLxNuSA0XCpsd2aoOnO+JMSLU6kPRBSw=="
    }
  }
}
