{
  "name": "i2c-grove-gesture-example",
  "version": "1.0.0",
  "lockfileVersion": 1,
  "requires": true,
  "dependencies": {
    "@chirimen-raspi/polyfill": {
      "version": "1.0.6",
      "resolved": "https://registry.npmjs.org/@chirimen-raspi/polyfill/-/polyfill-1.0.6.tgz",
      "integrity": "sha512-h9UF/aEU86sLyaF1ULxlngebl7GSQtz8w/wgFjl/ul01j+2DvHR5zKKxy2MtNNfKGQsXTR25ZiMFziKrKnHlVw=="
    },
    "@chirimen/grove-gesture": {
      "version": "1.0.4",
      "resolved": "https://registry.npmjs.org/@chirimen/grove-gesture/-/grove-gesture-1.0.4.tgz",
      "integrity": "sha512-c9MHjIG+fEl4LpZKIb6BUk/J67TQH+QxcZyvQvlSVbbryth3rXxkbYoPtS5SaY0mNShdRk4vRnEAgOz3fko35A=="
    }
  }
}
